{
  "name": "andamp-skin",
  "version": "1.0.0",
  "lockfileVersion": 3,
  "requires": true,
  "packages": {
    "": {
      "name": "andamp-skin",
      "version": "1.0.0",
      "devDependencies": {
        "webamp": "^2.3.1"
      }
    },
    "node_modules/webamp": {
      "version": "2.3.1",
      "resolved": "https://registry.npmjs.org/webamp/-/webamp-2.3.1.tgz",
      "integrity": "sha512-u2NpSKYsUfDKltcvteF3vDbAzp+kDiymr5Sn0Vgfl+Uk9Kvd4GmuaF3stOxKNLbDH+RkJ2YZfus7O3W2axq4Qg==",
      "dev": true,
      "license": "MIT"
    }
  }
}
